
Microsoft Visual Studio Solution File, Format Version 12.00
# Visual Studio Version 17
VisualStudioVersion = 17.5.2.0
MinimumVisualStudioVersion = 10.0.40219.1
Project("{FAE04EC0-301F-11D3-BF4B-00C04F79EFBC}") = "Dynamic.Web", "Dynamic.Web\Dynamic.Web.csproj", "{9322C0F6-C4EA-277F-F228-580BAAC8528D}"
EndProject
Project("{FAE04EC0-301F-11D3-BF4B-00C04F79EFBC}") = "Dynamic.Adapters.In", "Dynamic.Adapters.In\Dynamic.Adapters.In.csproj", "{2586F6E8-139B-410E-8CEF-E13B407E46A4}"
EndProject
Project("{FAE04EC0-301F-11D3-BF4B-00C04F79EFBC}") = "Dynamic.Application", "Dynamic.Application\Dynamic.Application.csproj", "{C7E65F93-03B5-4D9C-AC63-0FC973121E58}"
EndProject
Project("{FAE04EC0-301F-11D3-BF4B-00C04F79EFBC}") = "Dynamic.Adapters.Out", "Dynamic.Adapters.Out\Dynamic.Adapters.Out.csproj", "{E28713A4-BCE7-4C48-B7E0-8BCD25EE15A7}"
EndProject
Project("{FAE04EC0-301F-11D3-BF4B-00C04F79EFBC}") = "Dynamic.Domain", "Dynamic.Domain\Dynamic.Domain.csproj", "{33E597B3-BEE3-4236-8D1E-1FC87E7B651D}"
EndProject
Global
	GlobalSection(SolutionConfigurationPlatforms) = preSolution
		Debug|Any CPU = Debug|Any CPU
		Debug|x64 = Debug|x64
		Debug|x86 = Debug|x86
		Release|Any CPU = Release|Any CPU
		Release|x64 = Release|x64
		Release|x86 = Release|x86
	EndGlobalSection
	GlobalSection(ProjectConfigurationPlatforms) = postSolution
		{9322C0F6-C4EA-277F-F228-580BAAC8528D}.Debug|Any CPU.ActiveCfg = Debug|Any CPU
		{9322C0F6-C4EA-277F-F228-580BAAC8528D}.Debug|Any CPU.Build.0 = Debug|Any CPU
		{9322C0F6-C4EA-277F-F228-580BAAC8528D}.Debug|x64.ActiveCfg = Debug|Any CPU
		{9322C0F6-C4EA-277F-F228-580BAAC8528D}.Debug|x64.Build.0 = Debug|Any CPU
		{9322C0F6-C4EA-277F-F228-580BAAC8528D}.Debug|x86.ActiveCfg = Debug|Any CPU
		{9322C0F6-C4EA-277F-F228-580BAAC8528D}.Debug|x86.Build.0 = Debug|Any CPU
		{9322C0F6-C4EA-277F-F228-580BAAC8528D}.Release|Any CPU.ActiveCfg = Release|Any CPU
		{9322C0F6-C4EA-277F-F228-580BAAC8528D}.Release|Any CPU.Build.0 = Release|Any CPU
		{9322C0F6-C4EA-277F-F228-580BAAC8528D}.Release|x64.ActiveCfg = Release|Any CPU
		{9322C0F6-C4EA-277F-F228-580BAAC8528D}.Release|x64.Build.0 = Release|Any CPU
		{9322C0F6-C4EA-277F-F228-580BAAC8528D}.Release|x86.ActiveCfg = Release|Any CPU
		{9322C0F6-C4EA-277F-F228-580BAAC8528D}.Release|x86.Build.0 = Release|Any CPU
		{2586F6E8-139B-410E-8CEF-E13B407E46A4}.Debug|Any CPU.ActiveCfg = Debug|Any CPU
		{2586F6E8-139B-410E-8CEF-E13B407E46A4}.Debug|Any CPU.Build.0 = Debug|Any CPU
		{2586F6E8-139B-410E-8CEF-E13B407E46A4}.Debug|x64.ActiveCfg = Debug|Any CPU
		{2586F6E8-139B-410E-8CEF-E13B407E46A4}.Debug|x64.Build.0 = Debug|Any CPU
		{2586F6E8-139B-410E-8CEF-E13B407E46A4}.Debug|x86.ActiveCfg = Debug|Any CPU
		{2586F6E8-139B-410E-8CEF-E13B407E46A4}.Debug|x86.Build.0 = Debug|Any CPU
		{2586F6E8-139B-410E-8CEF-E13B407E46A4}.Release|Any CPU.ActiveCfg = Release|Any CPU
		{2586F6E8-139B-410E-8CEF-E13B407E46A4}.Release|Any CPU.Build.0 = Release|Any CPU
		{2586F6E8-139B-410E-8CEF-E13B407E46A4}.Release|x64.ActiveCfg = Release|Any CPU
		{2586F6E8-139B-410E-8CEF-E13B407E46A4}.Release|x64.Build.0 = Release|Any CPU
		{2586F6E8-139B-410E-8CEF-E13B407E46A4}.Release|x86.ActiveCfg = Release|Any CPU
		{2586F6E8-139B-410E-8CEF-E13B407E46A4}.Release|x86.Build.0 = Release|Any CPU
		{C7E65F93-03B5-4D9C-AC63-0FC973121E58}.Debug|Any CPU.ActiveCfg = Debug|Any CPU
		{C7E65F93-03B5-4D9C-AC63-0FC973121E58}.Debug|Any CPU.Build.0 = Debug|Any CPU
		{C7E65F93-03B5-4D9C-AC63-0FC973121E58}.Debug|x64.ActiveCfg = Debug|Any CPU
		{C7E65F93-03B5-4D9C-AC63-0FC973121E58}.Debug|x64.Build.0 = Debug|Any CPU
		{C7E65F93-03B5-4D9C-AC63-0FC973121E58}.Debug|x86.ActiveCfg = Debug|Any CPU
		{C7E65F93-03B5-4D9C-AC63-0FC973121E58}.Debug|x86.Build.0 = Debug|Any CPU
		{C7E65F93-03B5-4D9C-AC63-0FC973121E58}.Release|Any CPU.ActiveCfg = Release|Any CPU
		{C7E65F93-03B5-4D9C-AC63-0FC973121E58}.Release|Any CPU.Build.0 = Release|Any CPU
		{C7E65F93-03B5-4D9C-AC63-0FC973121E58}.Release|x64.ActiveCfg = Release|Any CPU
		{C7E65F93-03B5-4D9C-AC63-0FC973121E58}.Release|x64.Build.0 = Release|Any CPU
		{C7E65F93-03B5-4D9C-AC63-0FC973121E58}.Release|x86.ActiveCfg = Release|Any CPU
		{C7E65F93-03B5-4D9C-AC63-0FC973121E58}.Release|x86.Build.0 = Release|Any CPU
		{E28713A4-BCE7-4C48-B7E0-8BCD25EE15A7}.Debug|Any CPU.ActiveCfg = Debug|Any CPU
		{E28713A4-BCE7-4C48-B7E0-8BCD25EE15A7}.Debug|Any CPU.Build.0 = Debug|Any CPU
		{E28713A4-BCE7-4C48-B7E0-8BCD25EE15A7}.Debug|x64.ActiveCfg = Debug|Any CPU
		{E28713A4-BCE7-4C48-B7E0-8BCD25EE15A7}.Debug|x64.Build.0 = Debug|Any CPU
		{E28713A4-BCE7-4C48-B7E0-8BCD25EE15A7}.Debug|x86.ActiveCfg = Debug|Any CPU
		{E28713A4-BCE7-4C48-B7E0-8BCD25EE15A7}.Debug|x86.Build.0 = Debug|Any CPU
		{E28713A4-BCE7-4C48-B7E0-8BCD25EE15A7}.Release|Any CPU.ActiveCfg = Release|Any CPU
		{E28713A4-BCE7-4C48-B7E0-8BCD25EE15A7}.Release|Any CPU.Build.0 = Release|Any CPU
		{E28713A4-BCE7-4C48-B7E0-8BCD25EE15A7}.Release|x64.ActiveCfg = Release|Any CPU
		{E28713A4-BCE7-4C48-B7E0-8BCD25EE15A7}.Release|x64.Build.0 = Release|Any CPU
		{E28713A4-BCE7-4C48-B7E0-8BCD25EE15A7}.Release|x86.ActiveCfg = Release|Any CPU
		{E28713A4-BCE7-4C48-B7E0-8BCD25EE15A7}.Release|x86.Build.0 = Release|Any CPU
		{33E597B3-BEE3-4236-8D1E-1FC87E7B651D}.Debug|Any CPU.ActiveCfg = Debug|Any CPU
		{33E597B3-BEE3-4236-8D1E-1FC87E7B651D}.Debug|Any CPU.Build.0 = Debug|Any CPU
		{33E597B3-BEE3-4236-8D1E-1FC87E7B651D}.Debug|x64.ActiveCfg = Debug|Any CPU
		{33E597B3-BEE3-4236-8D1E-1FC87E7B651D}.Debug|x64.Build.0 = Debug|Any CPU
		{33E597B3-BEE3-4236-8D1E-1FC87E7B651D}.Debug|x86.ActiveCfg = Debug|Any CPU
		{33E597B3-BEE3-4236-8D1E-1FC87E7B651D}.Debug|x86.Build.0 = Debug|Any CPU
		{33E597B3-BEE3-4236-8D1E-1FC87E7B651D}.Release|Any CPU.ActiveCfg = Release|Any CPU
		{33E597B3-BEE3-4236-8D1E-1FC87E7B651D}.Release|Any CPU.Build.0 = Release|Any CPU
		{33E597B3-BEE3-4236-8D1E-1FC87E7B651D}.Release|x64.ActiveCfg = Release|Any CPU
		{33E597B3-BEE3-4236-8D1E-1FC87E7B651D}.Release|x64.Build.0 = Release|Any CPU
		{33E597B3-BEE3-4236-8D1E-1FC87E7B651D}.Release|x86.ActiveCfg = Release|Any CPU
		{33E597B3-BEE3-4236-8D1E-1FC87E7B651D}.Release|x86.Build.0 = Release|Any CPU
	EndGlobalSection
	GlobalSection(SolutionProperties) = preSolution
		HideSolutionNode = FALSE
	EndGlobalSection
	GlobalSection(ExtensibilityGlobals) = postSolution
		SolutionGuid = {86B61534-26B2-4591-8911-A634B794C7FA}
	EndGlobalSection
EndGlobal
